{
  "name": "dataVault",
  "version": "1.0.0",
  "lockfileVersion": 1,
  "requires": true,
  "dependencies": {
    "drange": {
      "version": "2.0.1",
      "resolved": "https://registry.npmmirror.com/drange/-/drange-2.0.1.tgz",
      "integrity": "sha512-s/Gs2VG0zdUXxWz4cK3vcwniF914RKWLNYY6YAVTTLo2HjqsynfUzUcSvNFEdktQXKDbJMKF9wmg67Rv32VhEQ=="
    },
    "ret": {
      "version": "0.5.0",
      "resolved": "https://registry.npmmirror.com/ret/-/ret-0.5.0.tgz",
      "integrity": "sha512-I1XxrZSQ+oErkRR4jYbAyEEu2I0avBvvMM5JN+6EBprOGRCs63ENqZ3vjavq8fBw2+62G5LF5XelKwuJpcvcxw=="
    }
  }
}
